
Microsoft Visual Studio Solution File, Format Version 11.00
# Visual Studio 2010
Project("{FAE04EC0-301F-11D3-BF4B-00C04F79EFBC}") = "CSIT2220_Lab1", "CSIT2220_Lab1.csproj", "{9D0D57D4-61CF-4393-8612-3910D2AF7655}"
EndProject
Global
	GlobalSection(SolutionConfigurationPlatforms) = preSolution
		Debug|x86 = Debug|x86
		Release|x86 = Release|x86
	EndGlobalSection
	GlobalSection(ProjectConfigurationPlatforms) = postSolution
		{9D0D57D4-61CF-4393-8612-3910D2AF7655}.Debug|x86.ActiveCfg = Debug|x86
		{9D0D57D4-61CF-4393-8612-3910D2AF7655}.Debug|x86.Build.0 = Debug|x86
		{9D0D57D4-61CF-4393-8612-3910D2AF7655}.Release|x86.ActiveCfg = Release|x86
		{9D0D57D4-61CF-4393-8612-3910D2AF7655}.Release|x86.Build.0 = Release|x86
	EndGlobalSection
	GlobalSection(SolutionProperties) = preSolution
		HideSolutionNode = FALSE
	EndGlobalSection
EndGlobal
